
Microsoft Visual Studio Solution File, Format Version 12.00
# Visual Studio Version 16
VisualStudioVersion = 16.0.808.6
MinimumVisualStudioVersion = 10.0.40219.1
Project("{FAE04EC0-301F-11D3-BF4B-00C04F79EFBC}") = "ByteBank", "ByteBank\ByteBank.csproj", "{4BD013CE-DB88-4608-BAB9-922348D8E095}"
EndProject
Global
	GlobalSection(SolutionConfigurationPlatforms) = preSolution
		Debug|anycpu = Debug|anycpu
		Release|anycpu = Release|anycpu
	EndGlobalSection
	GlobalSection(ProjectConfigurationPlatforms) = postSolution
		{4BD013CE-DB88-4608-BAB9-922348D8E095}.Debug|anycpu.ActiveCfg = Debug|anycpu
		{4BD013CE-DB88-4608-BAB9-922348D8E095}.Debug|anycpu.Build.0 = Debug|anycpu
		{4BD013CE-DB88-4608-BAB9-922348D8E095}.Release|anycpu.ActiveCfg = Release|anycpu
		{4BD013CE-DB88-4608-BAB9-922348D8E095}.Release|anycpu.Build.0 = Release|anycpu
	EndGlobalSection
	GlobalSection(SolutionProperties) = preSolution
		HideSolutionNode = FALSE
	EndGlobalSection
	GlobalSection(ExtensibilityGlobals) = postSolution
		SolutionGuid = {792B4364-8BF4-40AB-8BE9-3CAE5752D156}
	EndGlobalSection
EndGlobal
